hash: fa1e414774f960d2cbde78f53989383662e9fa94857025ac43c536e20572f063
updated: 2016-12-19T19:47:08.409799664+01:00
imports:
- name: github.com/klauspost/compress
  version: e3b7981a12dd3cab49afa1d3a50e715846f23732
  subpackages:
  - flate
  - gzip
  - zlib
- name: github.com/klauspost/cpuid
  version: 09cded8978dc9e80714c4d85b0322337b0a1e5e0
- name: github.com/klauspost/crc32
  version: cb6bfca970f6908083f26f39a79009d608efd5cd
- name: github.com/uber-go/atomic
  version: 0c9e689d64f004564b79d9a663634756df322902
- name: github.com/uber-go/zap
  version: 05dadc4e239529c50d6f730c17f0a3aaf35b64fd
- name: github.com/valyala/bytebufferpool
  version: e746df99fe4a3986f4d4f79e13c1e0117ce9c2f7
- name: github.com/valyala/fasthttp
  version: 82894ea1e876681803241ff69553f436e2231385
  subpackages:
  - expvarhandler
  - fasthttputil
  - reuseport
  - stackless
- name: github.com/valyala/tcplisten
  version: ceec8f93295a060cdb565ec25e4ccf17941dbd55
testImports: []
